
Microsoft Visual Studio Solution File, Format Version 12.00
# Visual Studio Version 17
VisualStudioVersion = 17.7.34031.279
MinimumVisualStudioVersion = 10.0.40219.1
Project("{8BC9CEB8-8B4A-11D0-8D11-00A0C91BC942}") = "C++L2", "C++L2.vcxproj", "{48493CAA-3AF5-4333-B054-42B3B3DBEABA}"
EndProject
Global
	GlobalSection(SolutionConfigurationPlatforms) = preSolution
		Debug|x64 = Debug|x64
		Debug|x86 = Debug|x86
		Release|x64 = Release|x64
		Release|x86 = Release|x86
	EndGlobalSection
	GlobalSection(ProjectConfigurationPlatforms) = postSolution
		{48493CAA-3AF5-4333-B054-42B3B3DBEABA}.Debug|x64.ActiveCfg = Debug|x64
		{48493CAA-3AF5-4333-B054-42B3B3DBEABA}.Debug|x64.Build.0 = Debug|x64
		{48493CAA-3AF5-4333-B054-42B3B3DBEABA}.Debug|x86.ActiveCfg = Debug|Win32
		{48493CAA-3AF5-4333-B054-42B3B3DBEABA}.Debug|x86.Build.0 = Debug|Win32
		{48493CAA-3AF5-4333-B054-42B3B3DBEABA}.Release|x64.ActiveCfg = Release|x64
		{48493CAA-3AF5-4333-B054-42B3B3DBEABA}.Release|x64.Build.0 = Release|x64
		{48493CAA-3AF5-4333-B054-42B3B3DBEABA}.Release|x86.ActiveCfg = Release|Win32
		{48493CAA-3AF5-4333-B054-42B3B3DBEABA}.Release|x86.Build.0 = Release|Win32
	EndGlobalSection
	GlobalSection(SolutionProperties) = preSolution
		HideSolutionNode = FALSE
	EndGlobalSection
	GlobalSection(ExtensibilityGlobals) = postSolution
		SolutionGuid = {47ACFA04-5E61-4E54-B5AD-31F6096B307C}
	EndGlobalSection
EndGlobal
